
Microsoft Visual Studio Solution File, Format Version 12.00
# Visual Studio Version 16
VisualStudioVersion = 16.0.30204.135
MinimumVisualStudioVersion = 10.0.40219.1
Project("{FAE04EC0-301F-11D3-BF4B-00C04F79EFBC}") = "Calculator", "Calculator\Calculator.csproj", "{4478A8E8-AE75-4BF2-9969-D62AD4ADF0DE}"
EndProject
Global
	GlobalSection(SolutionConfigurationPlatforms) = preSolution
		Debug|Any CPU = Debug|Any CPU
		Release|Any CPU = Release|Any CPU
	EndGlobalSection
	GlobalSection(ProjectConfigurationPlatforms) = postSolution
		{4478A8E8-AE75-4BF2-9969-D62AD4ADF0DE}.Debug|Any CPU.ActiveCfg = Debug|Any CPU
		{4478A8E8-AE75-4BF2-9969-D62AD4ADF0DE}.Debug|Any CPU.Build.0 = Debug|Any CPU
		{4478A8E8-AE75-4BF2-9969-D62AD4ADF0DE}.Release|Any CPU.ActiveCfg = Release|Any CPU
		{4478A8E8-AE75-4BF2-9969-D62AD4ADF0DE}.Release|Any CPU.Build.0 = Release|Any CPU
	EndGlobalSection
	GlobalSection(SolutionProperties) = preSolution
		HideSolutionNode = FALSE
	EndGlobalSection
	GlobalSection(ExtensibilityGlobals) = postSolution
		SolutionGuid = {04844E41-C48E-4A0D-B1E7-36E68BF94883}
	EndGlobalSection
EndGlobal
